
Microsoft Visual Studio Solution File, Format Version 12.00
# Visual Studio Version 16
VisualStudioVersion = 16.0.32002.261
MinimumVisualStudioVersion = 10.0.40219.1
Project("{FAE04EC0-301F-11D3-BF4B-00C04F79EFBC}") = "TestRailnew", "TestRailnew\TestRailnew.csproj", "{20624BD3-4B19-4392-8B0F-924F23687F86}"
EndProject
Global
	GlobalSection(SolutionConfigurationPlatforms) = preSolution
		Debug|Any CPU = Debug|Any CPU
		Release|Any CPU = Release|Any CPU
	EndGlobalSection
	GlobalSection(ProjectConfigurationPlatforms) = postSolution
		{20624BD3-4B19-4392-8B0F-924F23687F86}.Debug|Any CPU.ActiveCfg = Debug|Any CPU
		{20624BD3-4B19-4392-8B0F-924F23687F86}.Debug|Any CPU.Build.0 = Debug|Any CPU
		{20624BD3-4B19-4392-8B0F-924F23687F86}.Release|Any CPU.ActiveCfg = Release|Any CPU
		{20624BD3-4B19-4392-8B0F-924F23687F86}.Release|Any CPU.Build.0 = Release|Any CPU
	EndGlobalSection
	GlobalSection(SolutionProperties) = preSolution
		HideSolutionNode = FALSE
	EndGlobalSection
	GlobalSection(ExtensibilityGlobals) = postSolution
		SolutionGuid = {71AD8483-7D72-4E31-A325-9F00B1420F45}
	EndGlobalSection
EndGlobal
